// !$*UTF8*$!
{
	archiveVersion = 1;
	classes = {
	};
	objectVersion = 46;
	objects = {

/* Begin PBXBuildFile section */
		576BD05B1B55EBBD005FE979 /* GYLogger.m in Sources */ = {isa = PBXBuildFile; fileRef = 576BD05A1B55EBBD005FE979 /* GYLogger.m */; };
		576BD05F1B5601C4005FE979 /* GYMessage.m in Sources */ = {isa = PBXBuildFile; fileRef = 576BD05E1B5601C4005FE979 /* GYMessage.m */; };
		576BD0621B560EA5005FE979 /* GYMessageManager.m in Sources */ = {isa = PBXBuildFile; fileRef = 576BD0611B560EA5005FE979 /* GYMessageManager.m */; };
		576BD0641B5617DD005FE979 /* main.m in Sources */ = {isa = PBXBuildFile; fileRef = 576BD0631B5617DD005FE979 /* main.m */; };
		57AD36F31B549D2200111609 /* gamit.h in CopyFiles */ = {isa = PBXBuildFile; fileRef = 57AD36F21B549D2200111609 /* gamit.h */; };
		57AD36F51B549D2200111609 /* gamit.m in Sources */ = {isa = PBXBuildFile; fileRef = 57AD36F41B549D2200111609 /* gamit.m */; };
		57AD36FB1B549D2200111609 /* libgamit.a in Frameworks */ = {isa = PBXBuildFile; fileRef = 57AD36EF1B549D2200111609 /* libgamit.a */; };
		57AD370B1B549ED200111609 /* SRWebSocket.m in Sources */ = {isa = PBXBuildFile; fileRef = 57AD370A1B549ED200111609 /* SRWebSocket.m */; };
		57AD37121B549FA400111609 /* GYSerializer.m in Sources */ = {isa = PBXBuildFile; fileRef = 57AD37111B549FA400111609 /* GYSerializer.m */; };
		57AD37161B54AF1900111609 /* GYSerializingError.m in Sources */ = {isa = PBXBuildFile; fileRef = 57AD37151B54AF1900111609 /* GYSerializingError.m */; };
		57AD37191B54EFC400111609 /* GYRmiClient.m in Sources */ = {isa = PBXBuildFile; fileRef = 57AD37181B54EFC400111609 /* GYRmiClient.m */; };
		57AD371E1B54F17600111609 /* GYWSConnector.m in Sources */ = {isa = PBXBuildFile; fileRef = 57AD371D1B54F17600111609 /* GYWSConnector.m */; };
		57AD37211B54F4E700111609 /* GYRmiCore.m in Sources */ = {isa = PBXBuildFile; fileRef = 57AD37201B54F4E700111609 /* GYRmiCore.m */; };
/* End PBXBuildFile section */

/* Begin PBXContainerItemProxy section */
		57AD36FC1B549D2200111609 /* PBXContainerItemProxy */ = {
			isa = PBXContainerItemProxy;
			containerPortal = 57AD36E51B549CDB00111609 /* Project object */;
			proxyType = 1;
			remoteGlobalIDString = 57AD36EE1B549D2200111609;
			remoteInfo = gamit;
		};
/* End PBXContainerItemProxy section */

/* Begin PBXCopyFilesBuildPhase section */
		57AD36ED1B549D2200111609 /* CopyFiles */ = {
			isa = PBXCopyFilesBuildPhase;
			buildActionMask = 2147483647;
			dstPath = "include/$(PRODUCT_NAME)";
			dstSubfolderSpec = 16;
			files = (
				57AD36F31B549D2200111609 /* gamit.h in CopyFiles */,
			);
			runOnlyForDeploymentPostprocessing = 0;
		};
/* End PBXCopyFilesBuildPhase section */

/* Begin PBXFileReference section */
		576BD0591B55EBBD005FE979 /* GYLogger.h */ = {isa = PBXFileReference; fileEncoding = 4; lastKnownFileType = sourcecode.c.h; name = GYLogger.h; path = logutil/GYLogger.h; sourceTree = "<group>"; };
		576BD05A1B55EBBD005FE979 /* GYLogger.m */ = {isa = PBXFileReference; fileEncoding = 4; lastKnownFileType = sourcecode.c.objc; name = GYLogger.m; path = logutil/GYLogger.m; sourceTree = "<group>"; };
		576BD05D1B5601C4005FE979 /* GYMessage.h */ = {isa = PBXFileReference; fileEncoding = 4; lastKnownFileType = sourcecode.c.h; name = GYMessage.h; path = message/GYMessage.h; sourceTree = "<group>"; };
		576BD05E1B5601C4005FE979 /* GYMessage.m */ = {isa = PBXFileReference; fileEncoding = 4; lastKnownFileType = sourcecode.c.objc; name = GYMessage.m; path = message/GYMessage.m; sourceTree = "<group>"; };
		576BD0601B560EA5005FE979 /* GYMessageManager.h */ = {isa = PBXFileReference; fileEncoding = 4; lastKnownFileType = sourcecode.c.h; name = GYMessageManager.h; path = message/GYMessageManager.h; sourceTree = "<group>"; };
		576BD0611B560EA5005FE979 /* GYMessageManager.m */ = {isa = PBXFileReference; fileEncoding = 4; lastKnownFileType = sourcecode.c.objc; name = GYMessageManager.m; path = message/GYMessageManager.m; sourceTree = "<group>"; };
		576BD0631B5617DD005FE979 /* main.m */ = {isa = PBXFileReference; fileEncoding = 4; lastKnownFileType = sourcecode.c.objc; path = main.m; sourceTree = "<group>"; };
		57AD36EF1B549D2200111609 /* libgamit.a */ = {isa = PBXFileReference; explicitFileType = archive.ar; includeInIndex = 0; path = libgamit.a; sourceTree = BUILT_PRODUCTS_DIR; };
		57AD36F21B549D2200111609 /* gamit.h */ = {isa = PBXFileReference; lastKnownFileType = sourcecode.c.h; path = gamit.h; sourceTree = "<group>"; };
		57AD36F41B549D2200111609 /* gamit.m */ = {isa = PBXFileReference; lastKnownFileType = sourcecode.c.objc; path = gamit.m; sourceTree = "<group>"; };
		57AD36FA1B549D2200111609 /* gamitTests.xctest */ = {isa = PBXFileReference; explicitFileType = wrapper.cfbundle; includeInIndex = 0; path = gamitTests.xctest; sourceTree = BUILT_PRODUCTS_DIR; };
		57AD37001B549D2200111609 /* Info.plist */ = {isa = PBXFileReference; lastKnownFileType = text.plist.xml; path = Info.plist; sourceTree = "<group>"; };
		57AD37091B549ED200111609 /* SRWebSocket.h */ = {isa = PBXFileReference; fileEncoding = 4; lastKnownFileType = sourcecode.c.h; name = SRWebSocket.h; path = SocketRocket/SRWebSocket.h; sourceTree = "<group>"; };
		57AD370A1B549ED200111609 /* SRWebSocket.m */ = {isa = PBXFileReference; fileEncoding = 4; lastKnownFileType = sourcecode.c.objc; name = SRWebSocket.m; path = SocketRocket/SRWebSocket.m; sourceTree = "<group>"; };
		57AD370C1B549EDF00111609 /* SocketRocket-Prefix.pch */ = {isa = PBXFileReference; fileEncoding = 4; lastKnownFileType = sourcecode.c.h; name = "SocketRocket-Prefix.pch"; path = "SocketRocket/SocketRocket-Prefix.pch"; sourceTree = "<group>"; };
		57AD37101B549FA400111609 /* GYSerializer.h */ = {isa = PBXFileReference; fileEncoding = 4; lastKnownFileType = sourcecode.c.h; name = GYSerializer.h; path = serialize/GYSerializer.h; sourceTree = "<group>"; };
		57AD37111B549FA400111609 /* GYSerializer.m */ = {isa = PBXFileReference; fileEncoding = 4; lastKnownFileType = sourcecode.c.objc; name = GYSerializer.m; path = serialize/GYSerializer.m; sourceTree = "<group>"; };
		57AD37131B54AB9F00111609 /* GYDef.h */ = {isa = PBXFileReference; fileEncoding = 4; lastKnownFileType = sourcecode.c.h; path = GYDef.h; sourceTree = "<group>"; };
		57AD37141B54AF1900111609 /* GYSerializingError.h */ = {isa = PBXFileReference; fileEncoding = 4; lastKnownFileType = sourcecode.c.h; name = GYSerializingError.h; path = serialize/GYSerializingError.h; sourceTree = "<group>"; };
		57AD37151B54AF1900111609 /* GYSerializingError.m */ = {isa = PBXFileReference; fileEncoding = 4; lastKnownFileType = sourcecode.c.objc; name = GYSerializingError.m; path = serialize/GYSerializingError.m; sourceTree = "<group>"; };
		57AD37171B54EFC400111609 /* GYRmiClient.h */ = {isa = PBXFileReference; fileEncoding = 4; lastKnownFileType = sourcecode.c.h; name = GYRmiClient.h; path = rmi/GYRmiClient.h; sourceTree = "<group>"; };
		57AD37181B54EFC400111609 /* GYRmiClient.m */ = {isa = PBXFileReference; fileEncoding = 4; lastKnownFileType = sourcecode.c.objc; name = GYRmiClient.m; path = rmi/GYRmiClient.m; sourceTree = "<group>"; };
		57AD371C1B54F17600111609 /* GYWSConnector.h */ = {isa = PBXFileReference; fileEncoding = 4; lastKnownFileType = sourcecode.c.h; name = GYWSConnector.h; path = websocket/GYWSConnector.h; sourceTree = "<group>"; };
		57AD371D1B54F17600111609 /* GYWSConnector.m */ = {isa = PBXFileReference; fileEncoding = 4; lastKnownFileType = sourcecode.c.objc; name = GYWSConnector.m; path = websocket/GYWSConnector.m; sourceTree = "<group>"; };
		57AD371F1B54F4E700111609 /* GYRmiCore.h */ = {isa = PBXFileReference; fileEncoding = 4; lastKnownFileType = sourcecode.c.h; name = GYRmiCore.h; path = rmi/GYRmiCore.h; sourceTree = "<group>"; };
		57AD37201B54F4E700111609 /* GYRmiCore.m */ = {isa = PBXFileReference; fileEncoding = 4; lastKnownFileType = sourcecode.c.objc; name = GYRmiCore.m; path = rmi/GYRmiCore.m; sourceTree = "<group>"; };
/* End PBXFileReference section */

/* Begin PBXFrameworksBuildPhase section */
		57AD36EC1B549D2200111609 /* Frameworks */ = {
			isa = PBXFrameworksBuildPhase;
			buildActionMask = 2147483647;
			files = (
			);
			runOnlyForDeploymentPostprocessing = 0;
		};
		57AD36F71B549D2200111609 /* Frameworks */ = {
			isa = PBXFrameworksBuildPhase;
			buildActionMask = 2147483647;
			files = (
				57AD36FB1B549D2200111609 /* libgamit.a in Frameworks */,
			);
			runOnlyForDeploymentPostprocessing = 0;
		};
/* End PBXFrameworksBuildPhase section */

/* Begin PBXGroup section */
		576BD0581B55EB81005FE979 /* logutil */ = {
			isa = PBXGroup;
			children = (
				576BD0591B55EBBD005FE979 /* GYLogger.h */,
				576BD05A1B55EBBD005FE979 /* GYLogger.m */,
			);
			name = logutil;
			sourceTree = "<group>";
		};
		576BD05C1B5601A2005FE979 /* message */ = {
			isa = PBXGroup;
			children = (
				576BD05D1B5601C4005FE979 /* GYMessage.h */,
				576BD05E1B5601C4005FE979 /* GYMessage.m */,
				576BD0601B560EA5005FE979 /* GYMessageManager.h */,
				576BD0611B560EA5005FE979 /* GYMessageManager.m */,
			);
			name = message;
			sourceTree = "<group>";
		};
		57AD36E41B549CDB00111609 = {
			isa = PBXGroup;
			children = (
				57AD36F11B549D2200111609 /* gamit */,
				57AD36FE1B549D2200111609 /* gamitTests */,
				57AD36F01B549D2200111609 /* Products */,
			);
			sourceTree = "<group>";
		};
		57AD36F01B549D2200111609 /* Products */ = {
			isa = PBXGroup;
			children = (
				57AD36EF1B549D2200111609 /* libgamit.a */,
				57AD36FA1B549D2200111609 /* gamitTests.xctest */,
			);
			name = Products;
			sourceTree = "<group>";
		};
		57AD36F11B549D2200111609 /* gamit */ = {
			isa = PBXGroup;
			children = (
				576BD05C1B5601A2005FE979 /* message */,
				576BD0581B55EB81005FE979 /* logutil */,
				57AD371B1B54F12000111609 /* websocket */,
				57AD370F1B549F3900111609 /* serialize */,
				57AD370D1B549F0000111609 /* rmi */,
				57AD37071B549D4400111609 /* SocketRocket */,
				57AD36F21B549D2200111609 /* gamit.h */,
				57AD36F41B549D2200111609 /* gamit.m */,
				57AD37131B54AB9F00111609 /* GYDef.h */,
			);
			path = gamit;
			sourceTree = "<group>";
		};
		57AD36FE1B549D2200111609 /* gamitTests */ = {
			isa = PBXGroup;
			children = (
				57AD36FF1B549D2200111609 /* Supporting Files */,
				576BD0631B5617DD005FE979 /* main.m */,
			);
			path = gamitTests;
			sourceTree = "<group>";
		};
		57AD36FF1B549D2200111609 /* Supporting Files */ = {
			isa = PBXGroup;
			children = (
				57AD37001B549D2200111609 /* Info.plist */,
			);
			name = "Supporting Files";
			sourceTree = "<group>";
		};
		57AD37071B549D4400111609 /* SocketRocket */ = {
			isa = PBXGroup;
			children = (
				57AD37091B549ED200111609 /* SRWebSocket.h */,
				57AD370A1B549ED200111609 /* SRWebSocket.m */,
				57AD37081B549EB300111609 /* Supporting Files */,
			);
			name = SocketRocket;
			sourceTree = "<group>";
		};
		57AD37081B549EB300111609 /* Supporting Files */ = {
			isa = PBXGroup;
			children = (
				57AD370C1B549EDF00111609 /* SocketRocket-Prefix.pch */,
			);
			name = "Supporting Files";
			sourceTree = "<group>";
		};
		57AD370D1B549F0000111609 /* rmi */ = {
			isa = PBXGroup;
			children = (
				57AD37171B54EFC400111609 /* GYRmiClient.h */,
				57AD37181B54EFC400111609 /* GYRmiClient.m */,
				57AD371F1B54F4E700111609 /* GYRmiCore.h */,
				57AD37201B54F4E700111609 /* GYRmiCore.m */,
			);
			name = rmi;
			sourceTree = "<group>";
		};
		57AD370F1B549F3900111609 /* serialize */ = {
			isa = PBXGroup;
			children = (
				57AD37101B549FA400111609 /* GYSerializer.h */,
				57AD37111B549FA400111609 /* GYSerializer.m */,
				57AD37141B54AF1900111609 /* GYSerializingError.h */,
				57AD37151B54AF1900111609 /* GYSerializingError.m */,
			);
			name = serialize;
			sourceTree = "<group>";
		};
		57AD371B1B54F12000111609 /* websocket */ = {
			isa = PBXGroup;
			children = (
				57AD371C1B54F17600111609 /* GYWSConnector.h */,
				57AD371D1B54F17600111609 /* GYWSConnector.m */,
			);
			name = websocket;
			sourceTree = "<group>";
		};
/* End PBXGroup section */

/* Begin PBXNativeTarget section */
		57AD36EE1B549D2200111609 /* gamit */ = {
			isa = PBXNativeTarget;
			buildConfigurationList = 57AD37011B549D2200111609 /* Build configuration list for PBXNativeTarget "gamit" */;
			buildPhases = (
				57AD36EB1B549D2200111609 /* Sources */,
				57AD36EC1B549D2200111609 /* Frameworks */,
				57AD36ED1B549D2200111609 /* CopyFiles */,
			);
			buildRules = (
			);
			dependencies = (
			);
			name = gamit;
			productName = gamit;
			productReference = 57AD36EF1B549D2200111609 /* libgamit.a */;
			productType = "com.apple.product-type.library.static";
		};
		57AD36F91B549D2200111609 /* gamitTests */ = {
			isa = PBXNativeTarget;
			buildConfigurationList = 57AD37041B549D2200111609 /* Build configuration list for PBXNativeTarget "gamitTests" */;
			buildPhases = (
				57AD36F61B549D2200111609 /* Sources */,
				57AD36F71B549D2200111609 /* Frameworks */,
				57AD36F81B549D2200111609 /* Resources */,
			);
			buildRules = (
			);
			dependencies = (
				57AD36FD1B549D2200111609 /* PBXTargetDependency */,
			);
			name = gamitTests;
			productName = gamitTests;
			productReference = 57AD36FA1B549D2200111609 /* gamitTests.xctest */;
			productType = "com.apple.product-type.bundle.unit-test";
		};
/* End PBXNativeTarget section */

/* Begin PBXProject section */
		57AD36E51B549CDB00111609 /* Project object */ = {
			isa = PBXProject;
			attributes = {
				LastUpgradeCheck = 0640;
				TargetAttributes = {
					57AD36EE1B549D2200111609 = {
						CreatedOnToolsVersion = 6.4;
					};
					57AD36F91B549D2200111609 = {
						CreatedOnToolsVersion = 6.4;
					};
				};
			};
			buildConfigurationList = 57AD36E81B549CDB00111609 /* Build configuration list for PBXProject "objc" */;
			compatibilityVersion = "Xcode 3.2";
			developmentRegion = English;
			hasScannedForEncodings = 0;
			knownRegions = (
				en,
			);
			mainGroup = 57AD36E41B549CDB00111609;
			productRefGroup = 57AD36F01B549D2200111609 /* Products */;
			projectDirPath = "";
			projectRoot = "";
			targets = (
				57AD36EE1B549D2200111609 /* gamit */,
				57AD36F91B549D2200111609 /* gamitTests */,
			);
		};
/* End PBXProject section */

/* Begin PBXResourcesBuildPhase section */
		57AD36F81B549D2200111609 /* Resources */ = {
			isa = PBXResourcesBuildPhase;
			buildActionMask = 2147483647;
			files = (
			);
			runOnlyForDeploymentPostprocessing = 0;
		};
/* End PBXResourcesBuildPhase section */

/* Begin PBXSourcesBuildPhase section */
		57AD36EB1B549D2200111609 /* Sources */ = {
			isa = PBXSourcesBuildPhase;
			buildActionMask = 2147483647;
			files = (
				57AD370B1B549ED200111609 /* SRWebSocket.m in Sources */,
				57AD37191B54EFC400111609 /* GYRmiClient.m in Sources */,
				57AD36F51B549D2200111609 /* gamit.m in Sources */,
				576BD0621B560EA5005FE979 /* GYMessageManager.m in Sources */,
				57AD37211B54F4E700111609 /* GYRmiCore.m in Sources */,
				57AD37161B54AF1900111609 /* GYSerializingError.m in Sources */,
				576BD05B1B55EBBD005FE979 /* GYLogger.m in Sources */,
				576BD05F1B5601C4005FE979 /* GYMessage.m in Sources */,
				57AD37121B549FA400111609 /* GYSerializer.m in Sources */,
				57AD371E1B54F17600111609 /* GYWSConnector.m in Sources */,
			);
			runOnlyForDeploymentPostprocessing = 0;
		};
		57AD36F61B549D2200111609 /* Sources */ = {
			isa = PBXSourcesBuildPhase;
			buildActionMask = 2147483647;
			files = (
				576BD0641B5617DD005FE979 /* main.m in Sources */,
			);
			runOnlyForDeploymentPostprocessing = 0;
		};
/* End PBXSourcesBuildPhase section */

/* Begin PBXTargetDependency section */
		57AD36FD1B549D2200111609 /* PBXTargetDependency */ = {
			isa = PBXTargetDependency;
			target = 57AD36EE1B549D2200111609 /* gamit */;
			targetProxy = 57AD36FC1B549D2200111609 /* PBXContainerItemProxy */;
		};
/* End PBXTargetDependency section */

/* Begin XCBuildConfiguration section */
		57AD36E91B549CDB00111609 /* Debug */ = {
			isa = XCBuildConfiguration;
			buildSettings = {
			};
			name = Debug;
		};
		57AD36EA1B549CDB00111609 /* Release */ = {
			isa = XCBuildConfiguration;
			buildSettings = {
			};
			name = Release;
		};
		57AD37021B549D2200111609 /* Debug */ = {
			isa = XCBuildConfiguration;
			buildSettings = {
				ALWAYS_SEARCH_USER_PATHS = NO;
				CLANG_CXX_LANGUAGE_STANDARD = "gnu++0x";
				CLANG_CXX_LIBRARY = "libc++";
				CLANG_ENABLE_MODULES = YES;
				CLANG_ENABLE_OBJC_ARC = YES;
				CLANG_WARN_BOOL_CONVERSION = YES;
				CLANG_WARN_CONSTANT_CONVERSION = YES;
				CLANG_WARN_DIRECT_OBJC_ISA_USAGE = YES_ERROR;
				CLANG_WARN_EMPTY_BODY = YES;
				CLANG_WARN_ENUM_CONVERSION = YES;
				CLANG_WARN_INT_CONVERSION = YES;
				CLANG_WARN_OBJC_ROOT_CLASS = YES_ERROR;
				CLANG_WARN_UNREACHABLE_CODE = YES;
				CLANG_WARN__DUPLICATE_METHOD_MATCH = YES;
				COPY_PHASE_STRIP = NO;
				DEBUG_INFORMATION_FORMAT = "dwarf-with-dsym";
				ENABLE_STRICT_OBJC_MSGSEND = YES;
				GCC_C_LANGUAGE_STANDARD = gnu99;
				GCC_DYNAMIC_NO_PIC = NO;
				GCC_NO_COMMON_BLOCKS = YES;
				GCC_OPTIMIZATION_LEVEL = 0;
				GCC_PREPROCESSOR_DEFINITIONS = (
					"DEBUG=1",
					"$(inherited)",
				);
				GCC_SYMBOLS_PRIVATE_EXTERN = NO;
				GCC_WARN_64_TO_32_BIT_CONVERSION = YES;
				GCC_WARN_ABOUT_RETURN_TYPE = YES_ERROR;
				GCC_WARN_UNDECLARED_SELECTOR = YES;
				GCC_WARN_UNINITIALIZED_AUTOS = YES_AGGRESSIVE;
				GCC_WARN_UNUSED_FUNCTION = YES;
				GCC_WARN_UNUSED_VARIABLE = YES;
				IPHONEOS_DEPLOYMENT_TARGET = 8.4;
				MTL_ENABLE_DEBUG_INFO = YES;
				ONLY_ACTIVE_ARCH = YES;
				OTHER_LDFLAGS = "-ObjC";
				PRODUCT_NAME = "$(TARGET_NAME)";
				SDKROOT = iphoneos;
				SKIP_INSTALL = YES;
			};
			name = Debug;
		};
		57AD37031B549D2200111609 /* Release */ = {
			isa = XCBuildConfiguration;
			buildSettings = {
				ALWAYS_SEARCH_USER_PATHS = NO;
				CLANG_CXX_LANGUAGE_STANDARD = "gnu++0x";
				CLANG_CXX_LIBRARY = "libc++";
				CLANG_ENABLE_MODULES = YES;
				CLANG_ENABLE_OBJC_ARC = YES;
				CLANG_WARN_BOOL_CONVERSION = YES;
				CLANG_WARN_CONSTANT_CONVERSION = YES;
				CLANG_WARN_DIRECT_OBJC_ISA_USAGE = YES_ERROR;
				CLANG_WARN_EMPTY_BODY = YES;
				CLANG_WARN_ENUM_CONVERSION = YES;
				CLANG_WARN_INT_CONVERSION = YES;
				CLANG_WARN_OBJC_ROOT_CLASS = YES_ERROR;
				CLANG_WARN_UNREACHABLE_CODE = YES;
				CLANG_WARN__DUPLICATE_METHOD_MATCH = YES;
				COPY_PHASE_STRIP = NO;
				DEBUG_INFORMATION_FORMAT = "dwarf-with-dsym";
				ENABLE_NS_ASSERTIONS = NO;
				ENABLE_STRICT_OBJC_MSGSEND = YES;
				GCC_C_LANGUAGE_STANDARD = gnu99;
				GCC_NO_COMMON_BLOCKS = YES;
				GCC_WARN_64_TO_32_BIT_CONVERSION = YES;
				GCC_WARN_ABOUT_RETURN_TYPE = YES_ERROR;
				GCC_WARN_UNDECLARED_SELECTOR = YES;
				GCC_WARN_UNINITIALIZED_AUTOS = YES_AGGRESSIVE;
				GCC_WARN_UNUSED_FUNCTION = YES;
				GCC_WARN_UNUSED_VARIABLE = YES;
				IPHONEOS_DEPLOYMENT_TARGET = 8.4;
				MTL_ENABLE_DEBUG_INFO = NO;
				OTHER_LDFLAGS = "-ObjC";
				PRODUCT_NAME = "$(TARGET_NAME)";
				SDKROOT = iphoneos;
				SKIP_INSTALL = YES;
				VALIDATE_PRODUCT = YES;
			};
			name = Release;
		};
		57AD37051B549D2200111609 /* Debug */ = {
			isa = XCBuildConfiguration;
			buildSettings = {
				ALWAYS_SEARCH_USER_PATHS = NO;
				CLANG_CXX_LANGUAGE_STANDARD = "gnu++0x";
				CLANG_CXX_LIBRARY = "libc++";
				CLANG_ENABLE_MODULES = YES;
				CLANG_ENABLE_OBJC_ARC = YES;
				CLANG_WARN_BOOL_CONVERSION = YES;
				CLANG_WARN_CONSTANT_CONVERSION = YES;
				CLANG_WARN_DIRECT_OBJC_ISA_USAGE = YES_ERROR;
				CLANG_WARN_EMPTY_BODY = YES;
				CLANG_WARN_ENUM_CONVERSION = YES;
				CLANG_WARN_INT_CONVERSION = YES;
				CLANG_WARN_OBJC_ROOT_CLASS = YES_ERROR;
				CLANG_WARN_UNREACHABLE_CODE = YES;
				CLANG_WARN__DUPLICATE_METHOD_MATCH = YES;
				"CODE_SIGN_IDENTITY[sdk=iphoneos*]" = "iPhone Developer";
				COPY_PHASE_STRIP = NO;
				DEBUG_INFORMATION_FORMAT = "dwarf-with-dsym";
				ENABLE_STRICT_OBJC_MSGSEND = YES;
				FRAMEWORK_SEARCH_PATHS = (
					"$(SDKROOT)/Developer/Library/Frameworks",
					"$(inherited)",
				);
				GCC_C_LANGUAGE_STANDARD = gnu99;
				GCC_DYNAMIC_NO_PIC = NO;
				GCC_NO_COMMON_BLOCKS = YES;
				GCC_OPTIMIZATION_LEVEL = 0;
				GCC_PREPROCESSOR_DEFINITIONS = (
					"DEBUG=1",
					"$(inherited)",
				);
				GCC_SYMBOLS_PRIVATE_EXTERN = NO;
				GCC_WARN_64_TO_32_BIT_CONVERSION = YES;
				GCC_WARN_ABOUT_RETURN_TYPE = YES_ERROR;
				GCC_WARN_UNDECLARED_SELECTOR = YES;
				GCC_WARN_UNINITIALIZED_AUTOS = YES_AGGRESSIVE;
				GCC_WARN_UNUSED_FUNCTION = YES;
				GCC_WARN_UNUSED_VARIABLE = YES;
				INFOPLIST_FILE = gamitTests/Info.plist;
				IPHONEOS_DEPLOYMENT_TARGET = 8.4;
				LD_RUNPATH_SEARCH_PATHS = "$(inherited) @executable_path/Frameworks @loader_path/Frameworks";
				MTL_ENABLE_DEBUG_INFO = YES;
				ONLY_ACTIVE_ARCH = YES;
				PRODUCT_NAME = "$(TARGET_NAME)";
				SDKROOT = iphoneos;
			};
			name = Debug;
		};
		57AD37061B549D2200111609 /* Release */ = {
			isa = XCBuildConfiguration;
			buildSettings = {
				ALWAYS_SEARCH_USER_PATHS = NO;
				CLANG_CXX_LANGUAGE_STANDARD = "gnu++0x";
				CLANG_CXX_LIBRARY = "libc++";
				CLANG_ENABLE_MODULES = YES;
				CLANG_ENABLE_OBJC_ARC = YES;
				CLANG_WARN_BOOL_CONVERSION = YES;
				CLANG_WARN_CONSTANT_CONVERSION = YES;
				CLANG_WARN_DIRECT_OBJC_ISA_USAGE = YES_ERROR;
				CLANG_WARN_EMPTY_BODY = YES;
				CLANG_WARN_ENUM_CONVERSION = YES;
				CLANG_WARN_INT_CONVERSION = YES;
				CLANG_WARN_OBJC_ROOT_CLASS = YES_ERROR;
				CLANG_WARN_UNREACHABLE_CODE = YES;
				CLANG_WARN__DUPLICATE_METHOD_MATCH = YES;
				"CODE_SIGN_IDENTITY[sdk=iphoneos*]" = "iPhone Developer";
				COPY_PHASE_STRIP = NO;
				DEBUG_INFORMATION_FORMAT = "dwarf-with-dsym";
				ENABLE_NS_ASSERTIONS = NO;
				ENABLE_STRICT_OBJC_MSGSEND = YES;
				FRAMEWORK_SEARCH_PATHS = (
					"$(SDKROOT)/Developer/Library/Frameworks",
					"$(inherited)",
				);
				GCC_C_LANGUAGE_STANDARD = gnu99;
				GCC_NO_COMMON_BLOCKS = YES;
				GCC_WARN_64_TO_32_BIT_CONVERSION = YES;
				GCC_WARN_ABOUT_RETURN_TYPE = YES_ERROR;
				GCC_WARN_UNDECLARED_SELECTOR = YES;
				GCC_WARN_UNINITIALIZED_AUTOS = YES_AGGRESSIVE;
				GCC_WARN_UNUSED_FUNCTION = YES;
				GCC_WARN_UNUSED_VARIABLE = YES;
				INFOPLIST_FILE = gamitTests/Info.plist;
				IPHONEOS_DEPLOYMENT_TARGET = 8.4;
				LD_RUNPATH_SEARCH_PATHS = "$(inherited) @executable_path/Frameworks @loader_path/Frameworks";
				MTL_ENABLE_DEBUG_INFO = NO;
				PRODUCT_NAME = "$(TARGET_NAME)";
				SDKROOT = iphoneos;
				VALIDATE_PRODUCT = YES;
			};
			name = Release;
		};
/* End XCBuildConfiguration section */

/* Begin XCConfigurationList section */
		57AD36E81B549CDB00111609 /* Build configuration list for PBXProject "objc" */ = {
			isa = XCConfigurationList;
			buildConfigurations = (
				57AD36E91B549CDB00111609 /* Debug */,
				57AD36EA1B549CDB00111609 /* Release */,
			);
			defaultConfigurationIsVisible = 0;
			defaultConfigurationName = Release;
		};
		57AD37011B549D2200111609 /* Build configuration list for PBXNativeTarget "gamit" */ = {
			isa = XCConfigurationList;
			buildConfigurations = (
				57AD37021B549D2200111609 /* Debug */,
				57AD37031B549D2200111609 /* Release */,
			);
			defaultConfigurationIsVisible = 0;
			defaultConfigurationName = Release;
		};
		57AD37041B549D2200111609 /* Build configuration list for PBXNativeTarget "gamitTests" */ = {
			isa = XCConfigurationList;
			buildConfigurations = (
				57AD37051B549D2200111609 /* Debug */,
				57AD37061B549D2200111609 /* Release */,
			);
			defaultConfigurationIsVisible = 0;
			defaultConfigurationName = Release;
		};
/* End XCConfigurationList section */
	};
	rootObject = 57AD36E51B549CDB00111609 /* Project object */;
}
