
Microsoft Visual Studio Solution File, Format Version 12.00
# Visual Studio 2013
VisualStudioVersion = 12.0.21005.1
MinimumVisualStudioVersion = 10.0.40219.1
Project("{8BC9CEB8-8B4A-11D0-8D11-00A0C91BC942}") = "gamit", "gamit\gamit.vcxproj", "{C814E7F6-6481-4B7F-8B23-9101A8416C2F}"
EndProject
Project("{8BC9CEB8-8B4A-11D0-8D11-00A0C91BC942}") = "test", "test\test.vcxproj", "{B353AE29-A1C0-49A2-9F29-0BBE46D05617}"
	ProjectSection(ProjectDependencies) = postProject
		{1BE4D484-08C3-4FC6-8667-02B22F6AA0B4} = {1BE4D484-08C3-4FC6-8667-02B22F6AA0B4}
		{C814E7F6-6481-4B7F-8B23-9101A8416C2F} = {C814E7F6-6481-4B7F-8B23-9101A8416C2F}
	EndProjectSection
EndProject
Project("{8BC9CEB8-8B4A-11D0-8D11-00A0C91BC942}") = "message", "message\message.vcxproj", "{1BE4D484-08C3-4FC6-8667-02B22F6AA0B4}"
	ProjectSection(ProjectDependencies) = postProject
		{C814E7F6-6481-4B7F-8B23-9101A8416C2F} = {C814E7F6-6481-4B7F-8B23-9101A8416C2F}
	EndProjectSection
EndProject
Global
	GlobalSection(SolutionConfigurationPlatforms) = preSolution
		Debug|Win32 = Debug|Win32
		Release|Win32 = Release|Win32
	EndGlobalSection
	GlobalSection(ProjectConfigurationPlatforms) = postSolution
		{C814E7F6-6481-4B7F-8B23-9101A8416C2F}.Debug|Win32.ActiveCfg = Debug|Win32
		{C814E7F6-6481-4B7F-8B23-9101A8416C2F}.Debug|Win32.Build.0 = Debug|Win32
		{C814E7F6-6481-4B7F-8B23-9101A8416C2F}.Release|Win32.ActiveCfg = Release|Win32
		{C814E7F6-6481-4B7F-8B23-9101A8416C2F}.Release|Win32.Build.0 = Release|Win32
		{B353AE29-A1C0-49A2-9F29-0BBE46D05617}.Debug|Win32.ActiveCfg = Debug|Win32
		{B353AE29-A1C0-49A2-9F29-0BBE46D05617}.Debug|Win32.Build.0 = Debug|Win32
		{B353AE29-A1C0-49A2-9F29-0BBE46D05617}.Release|Win32.ActiveCfg = Release|Win32
		{B353AE29-A1C0-49A2-9F29-0BBE46D05617}.Release|Win32.Build.0 = Release|Win32
		{1BE4D484-08C3-4FC6-8667-02B22F6AA0B4}.Debug|Win32.ActiveCfg = Debug|Win32
		{1BE4D484-08C3-4FC6-8667-02B22F6AA0B4}.Debug|Win32.Build.0 = Debug|Win32
		{1BE4D484-08C3-4FC6-8667-02B22F6AA0B4}.Release|Win32.ActiveCfg = Release|Win32
		{1BE4D484-08C3-4FC6-8667-02B22F6AA0B4}.Release|Win32.Build.0 = Release|Win32
	EndGlobalSection
	GlobalSection(SolutionProperties) = preSolution
		HideSolutionNode = FALSE
	EndGlobalSection
EndGlobal
