<?xml version="1.0" encoding="utf-8"?>
<Project ToolsVersion="4.0" xmlns="http://schemas.microsoft.com/developer/msbuild/2003">
  <ItemGroup>
    <Filter Include="src">
      <UniqueIdentifier>{4FC737F1-C7A5-4376-A066-2A32D752A2FF}</UniqueIdentifier>
      <Extensions>cpp;c;cc;cxx;def;odl;idl;hpj;bat;asm;asmx</Extensions>
    </Filter>
    <Filter Include="src\datetime">
      <UniqueIdentifier>{1546a2fb-627c-4342-a59c-077439662c6c}</UniqueIdentifier>
    </Filter>
    <Filter Include="src\ptr_test">
      <UniqueIdentifier>{fd3aa9ee-513e-46fe-a7a2-bc5ff6c2bfe7}</UniqueIdentifier>
    </Filter>
    <Filter Include="src\engine_test">
      <UniqueIdentifier>{aca1d972-e846-4148-9022-0e37f83a6f71}</UniqueIdentifier>
    </Filter>
  </ItemGroup>
  <ItemGroup>
    <ClCompile Include="..\..\Source\test\main.cpp">
      <Filter>src</Filter>
    </ClCompile>
    <ClCompile Include="..\..\Source\test\datetime\DatetimeTest.cpp">
      <Filter>src\datetime</Filter>
    </ClCompile>
    <ClCompile Include="..\..\Source\test\ptr_test\shareptr.cpp">
      <Filter>src\ptr_test</Filter>
    </ClCompile>
    <ClCompile Include="..\..\Source\test\engine_test\message.cpp">
      <Filter>src\engine_test</Filter>
    </ClCompile>
  </ItemGroup>
  <ItemGroup>
    <ClInclude Include="..\..\Source\test\datetime\DatetimeTest.h">
      <Filter>src\datetime</Filter>
    </ClInclude>
    <ClInclude Include="..\..\Source\test\ptr_test\shareptr.h">
      <Filter>src\ptr_test</Filter>
    </ClInclude>
    <ClInclude Include="..\..\Source\test\engine_test\message.h">
      <Filter>src\engine_test</Filter>
    </ClInclude>
  </ItemGroup>
</Project>